
Microsoft Visual Studio Solution File, Format Version 11.00
# Visual Studio 2010
Project("{FAE04EC0-301F-11D3-BF4B-00C04F79EFBC}") = "ProjectBlodState", "Assembly-CSharp.csproj", "{7CF11ABF-DA66-BD14-3A7C-D7CA2F33D5FE}"
EndProject
Project("{FAE04EC0-301F-11D3-BF4B-00C04F79EFBC}") = "ProjectBlodState", "Assembly-CSharp-Editor.csproj", "{19FAD62F-3092-2570-FFAA-FBB22496CE64}"
EndProject
Global
	GlobalSection(SolutionConfigurationPlatforms) = preSolution
		Debug|Any CPU = Debug|Any CPU
		Release|Any CPU = Release|Any CPU
	EndGlobalSection
	GlobalSection(ProjectConfigurationPlatforms) = postSolution
		{7CF11ABF-DA66-BD14-3A7C-D7CA2F33D5FE}.Debug|Any CPU.ActiveCfg = Debug|Any CPU
		{7CF11ABF-DA66-BD14-3A7C-D7CA2F33D5FE}.Debug|Any CPU.Build.0 = Debug|Any CPU
		{7CF11ABF-DA66-BD14-3A7C-D7CA2F33D5FE}.Release|Any CPU.ActiveCfg = Release|Any CPU
		{7CF11ABF-DA66-BD14-3A7C-D7CA2F33D5FE}.Release|Any CPU.Build.0 = Release|Any CPU
		{19FAD62F-3092-2570-FFAA-FBB22496CE64}.Debug|Any CPU.ActiveCfg = Debug|Any CPU
		{19FAD62F-3092-2570-FFAA-FBB22496CE64}.Debug|Any CPU.Build.0 = Debug|Any CPU
		{19FAD62F-3092-2570-FFAA-FBB22496CE64}.Release|Any CPU.ActiveCfg = Release|Any CPU
		{19FAD62F-3092-2570-FFAA-FBB22496CE64}.Release|Any CPU.Build.0 = Release|Any CPU
	EndGlobalSection
	GlobalSection(SolutionProperties) = preSolution
		HideSolutionNode = FALSE
	EndGlobalSection
	GlobalSection(MonoDevelopProperties) = preSolution
		StartupItem = Assembly-CSharp.csproj
	EndGlobalSection
EndGlobal
